
Microsoft Visual Studio Solution File, Format Version 12.00
# Visual Studio Version 17
VisualStudioVersion = 17.2.32526.322
MinimumVisualStudioVersion = 10.0.40219.1
Project("{FAE04EC0-301F-11D3-BF4B-00C04F79EFBC}") = "Dictionary_Main", "Dictionary_Main\Dictionary_Main.csproj", "{39EFF0A5-BEA7-4EE7-801C-A5B1EF0211F8}"
EndProject
Global
	GlobalSection(SolutionConfigurationPlatforms) = preSolution
		Debug|Any CPU = Debug|Any CPU
		Release|Any CPU = Release|Any CPU
	EndGlobalSection
	GlobalSection(ProjectConfigurationPlatforms) = postSolution
		{39EFF0A5-BEA7-4EE7-801C-A5B1EF0211F8}.Debug|Any CPU.ActiveCfg = Debug|Any CPU
		{39EFF0A5-BEA7-4EE7-801C-A5B1EF0211F8}.Debug|Any CPU.Build.0 = Debug|Any CPU
		{39EFF0A5-BEA7-4EE7-801C-A5B1EF0211F8}.Release|Any CPU.ActiveCfg = Release|Any CPU
		{39EFF0A5-BEA7-4EE7-801C-A5B1EF0211F8}.Release|Any CPU.Build.0 = Release|Any CPU
	EndGlobalSection
	GlobalSection(SolutionProperties) = preSolution
		HideSolutionNode = FALSE
	EndGlobalSection
	GlobalSection(ExtensibilityGlobals) = postSolution
		SolutionGuid = {6FDB4F5C-2600-4970-8A59-CA367CE2D6F5}
	EndGlobalSection
EndGlobal
